
Microsoft Visual Studio Solution File, Format Version 12.00
# Visual Studio Version 16
VisualStudioVersion = 16.0.29926.136
MinimumVisualStudioVersion = 10.0.40219.1
Project("{8BC9CEB8-8B4A-11D0-8D11-00A0C91BC942}") = "Main", "Main\Main.vcxproj", "{AEEE4419-C7F6-4511-982F-6828722FD721}"
EndProject
Project("{8BC9CEB8-8B4A-11D0-8D11-00A0C91BC942}") = "Configuration", "Configuration\Configuration.vcxproj", "{C9E19B23-EA36-4767-B33B-B68D306B2F31}"
EndProject
Project("{8BC9CEB8-8B4A-11D0-8D11-00A0C91BC942}") = "Benchmark", "Benchmark\Benchmark.vcxproj", "{A7E0D2C1-ECFD-4733-81A1-62EE9C841401}"
EndProject
Project("{8BC9CEB8-8B4A-11D0-8D11-00A0C91BC942}") = "GraphRepresentation", "GraphRepresentation\GraphRepresentation.vcxproj", "{83E77F58-E039-496C-B4AA-125B75F774D3}"
EndProject
Project("{8BC9CEB8-8B4A-11D0-8D11-00A0C91BC942}") = "ColoringAlgorithm", "ColoringAlgorithm\ColoringAlgorithm.vcxproj", "{64226059-8505-4244-AD99-A6922E67C75F}"
EndProject
Project("{8BC9CEB8-8B4A-11D0-8D11-00A0C91BC942}") = "barrier", "barrier\barrier.vcxproj", "{C7EC5160-CAC3-4252-A0D3-E97C19E4CFD5}"
EndProject
Project("{8BC9CEB8-8B4A-11D0-8D11-00A0C91BC942}") = "CudaKernels", "CudaKernels\CudaKernels.vcxproj", "{19DF3CE8-D57A-442E-8BDD-CE8D228F4E67}"
EndProject
Project("{8BC9CEB8-8B4A-11D0-8D11-00A0C91BC942}") = "CudaMain", "CudaMain\CudaMain.vcxproj", "{E7360E65-72E5-451B-9A6F-1F1D3919F871}"
EndProject
Global
	GlobalSection(SolutionConfigurationPlatforms) = preSolution
		Debug|x64 = Debug|x64
		Debug|x86 = Debug|x86
		Release|x64 = Release|x64
		Release|x86 = Release|x86
	EndGlobalSection
	GlobalSection(ProjectConfigurationPlatforms) = postSolution
		{AEEE4419-C7F6-4511-982F-6828722FD721}.Debug|x64.ActiveCfg = Debug|x64
		{AEEE4419-C7F6-4511-982F-6828722FD721}.Debug|x64.Build.0 = Debug|x64
		{AEEE4419-C7F6-4511-982F-6828722FD721}.Debug|x86.ActiveCfg = Debug|x64
		{AEEE4419-C7F6-4511-982F-6828722FD721}.Debug|x86.Build.0 = Debug|x64
		{AEEE4419-C7F6-4511-982F-6828722FD721}.Release|x64.ActiveCfg = Release|x64
		{AEEE4419-C7F6-4511-982F-6828722FD721}.Release|x64.Build.0 = Release|x64
		{AEEE4419-C7F6-4511-982F-6828722FD721}.Release|x86.ActiveCfg = Release|Win32
		{AEEE4419-C7F6-4511-982F-6828722FD721}.Release|x86.Build.0 = Release|Win32
		{C9E19B23-EA36-4767-B33B-B68D306B2F31}.Debug|x64.ActiveCfg = Debug|x64
		{C9E19B23-EA36-4767-B33B-B68D306B2F31}.Debug|x64.Build.0 = Debug|x64
		{C9E19B23-EA36-4767-B33B-B68D306B2F31}.Debug|x86.ActiveCfg = Debug|x64
		{C9E19B23-EA36-4767-B33B-B68D306B2F31}.Debug|x86.Build.0 = Debug|x64
		{C9E19B23-EA36-4767-B33B-B68D306B2F31}.Release|x64.ActiveCfg = Release|x64
		{C9E19B23-EA36-4767-B33B-B68D306B2F31}.Release|x64.Build.0 = Release|x64
		{C9E19B23-EA36-4767-B33B-B68D306B2F31}.Release|x86.ActiveCfg = Release|Win32
		{C9E19B23-EA36-4767-B33B-B68D306B2F31}.Release|x86.Build.0 = Release|Win32
		{A7E0D2C1-ECFD-4733-81A1-62EE9C841401}.Debug|x64.ActiveCfg = Debug|x64
		{A7E0D2C1-ECFD-4733-81A1-62EE9C841401}.Debug|x64.Build.0 = Debug|x64
		{A7E0D2C1-ECFD-4733-81A1-62EE9C841401}.Debug|x86.ActiveCfg = Debug|x64
		{A7E0D2C1-ECFD-4733-81A1-62EE9C841401}.Debug|x86.Build.0 = Debug|x64
		{A7E0D2C1-ECFD-4733-81A1-62EE9C841401}.Release|x64.ActiveCfg = Release|x64
		{A7E0D2C1-ECFD-4733-81A1-62EE9C841401}.Release|x64.Build.0 = Release|x64
		{A7E0D2C1-ECFD-4733-81A1-62EE9C841401}.Release|x86.ActiveCfg = Release|Win32
		{A7E0D2C1-ECFD-4733-81A1-62EE9C841401}.Release|x86.Build.0 = Release|Win32
		{83E77F58-E039-496C-B4AA-125B75F774D3}.Debug|x64.ActiveCfg = Debug|x64
		{83E77F58-E039-496C-B4AA-125B75F774D3}.Debug|x64.Build.0 = Debug|x64
		{83E77F58-E039-496C-B4AA-125B75F774D3}.Debug|x86.ActiveCfg = Debug|x64
		{83E77F58-E039-496C-B4AA-125B75F774D3}.Debug|x86.Build.0 = Debug|x64
		{83E77F58-E039-496C-B4AA-125B75F774D3}.Release|x64.ActiveCfg = Release|x64
		{83E77F58-E039-496C-B4AA-125B75F774D3}.Release|x64.Build.0 = Release|x64
		{83E77F58-E039-496C-B4AA-125B75F774D3}.Release|x86.ActiveCfg = Release|Win32
		{83E77F58-E039-496C-B4AA-125B75F774D3}.Release|x86.Build.0 = Release|Win32
		{64226059-8505-4244-AD99-A6922E67C75F}.Debug|x64.ActiveCfg = Debug|x64
		{64226059-8505-4244-AD99-A6922E67C75F}.Debug|x64.Build.0 = Debug|x64
		{64226059-8505-4244-AD99-A6922E67C75F}.Debug|x86.ActiveCfg = Debug|x64
		{64226059-8505-4244-AD99-A6922E67C75F}.Debug|x86.Build.0 = Debug|x64
		{64226059-8505-4244-AD99-A6922E67C75F}.Release|x64.ActiveCfg = Release|x64
		{64226059-8505-4244-AD99-A6922E67C75F}.Release|x64.Build.0 = Release|x64
		{64226059-8505-4244-AD99-A6922E67C75F}.Release|x86.ActiveCfg = Release|Win32
		{64226059-8505-4244-AD99-A6922E67C75F}.Release|x86.Build.0 = Release|Win32
		{C7EC5160-CAC3-4252-A0D3-E97C19E4CFD5}.Debug|x64.ActiveCfg = Debug|x64
		{C7EC5160-CAC3-4252-A0D3-E97C19E4CFD5}.Debug|x64.Build.0 = Debug|x64
		{C7EC5160-CAC3-4252-A0D3-E97C19E4CFD5}.Debug|x86.ActiveCfg = Debug|Win32
		{C7EC5160-CAC3-4252-A0D3-E97C19E4CFD5}.Debug|x86.Build.0 = Debug|Win32
		{C7EC5160-CAC3-4252-A0D3-E97C19E4CFD5}.Release|x64.ActiveCfg = Release|x64
		{C7EC5160-CAC3-4252-A0D3-E97C19E4CFD5}.Release|x64.Build.0 = Release|x64
		{C7EC5160-CAC3-4252-A0D3-E97C19E4CFD5}.Release|x86.ActiveCfg = Release|Win32
		{C7EC5160-CAC3-4252-A0D3-E97C19E4CFD5}.Release|x86.Build.0 = Release|Win32
		{19DF3CE8-D57A-442E-8BDD-CE8D228F4E67}.Debug|x64.ActiveCfg = Debug|x64
		{19DF3CE8-D57A-442E-8BDD-CE8D228F4E67}.Debug|x64.Build.0 = Debug|x64
		{19DF3CE8-D57A-442E-8BDD-CE8D228F4E67}.Debug|x86.ActiveCfg = Debug|x64
		{19DF3CE8-D57A-442E-8BDD-CE8D228F4E67}.Release|x64.ActiveCfg = Release|x64
		{19DF3CE8-D57A-442E-8BDD-CE8D228F4E67}.Release|x64.Build.0 = Release|x64
		{19DF3CE8-D57A-442E-8BDD-CE8D228F4E67}.Release|x86.ActiveCfg = Release|x64
		{E7360E65-72E5-451B-9A6F-1F1D3919F871}.Debug|x64.ActiveCfg = Debug|x64
		{E7360E65-72E5-451B-9A6F-1F1D3919F871}.Debug|x64.Build.0 = Debug|x64
		{E7360E65-72E5-451B-9A6F-1F1D3919F871}.Debug|x86.ActiveCfg = Debug|x64
		{E7360E65-72E5-451B-9A6F-1F1D3919F871}.Release|x64.ActiveCfg = Release|x64
		{E7360E65-72E5-451B-9A6F-1F1D3919F871}.Release|x64.Build.0 = Release|x64
		{E7360E65-72E5-451B-9A6F-1F1D3919F871}.Release|x86.ActiveCfg = Release|x64
	EndGlobalSection
	GlobalSection(SolutionProperties) = preSolution
		HideSolutionNode = FALSE
	EndGlobalSection
	GlobalSection(ExtensibilityGlobals) = postSolution
		SolutionGuid = {4C660CA2-6810-45A2-A436-1FBCAB76FD61}
	EndGlobalSection
EndGlobal
